
Microsoft Visual Studio Solution File, Format Version 12.00
# Visual Studio Version 16
VisualStudioVersion = 16.0.31729.503
MinimumVisualStudioVersion = 10.0.40219.1
Project("{FAE04EC0-301F-11D3-BF4B-00C04F79EFBC}") = "WPF_TESTing_5", "WPF_TESTing_5\WPF_TESTing_5.csproj", "{34F71EA1-99EB-479F-9BCA-EF57A5FD37F3}"
EndProject
Global
	GlobalSection(SolutionConfigurationPlatforms) = preSolution
		Debug|Any CPU = Debug|Any CPU
		Release|Any CPU = Release|Any CPU
	EndGlobalSection
	GlobalSection(ProjectConfigurationPlatforms) = postSolution
		{34F71EA1-99EB-479F-9BCA-EF57A5FD37F3}.Debug|Any CPU.ActiveCfg = Debug|Any CPU
		{34F71EA1-99EB-479F-9BCA-EF57A5FD37F3}.Debug|Any CPU.Build.0 = Debug|Any CPU
		{34F71EA1-99EB-479F-9BCA-EF57A5FD37F3}.Release|Any CPU.ActiveCfg = Release|Any CPU
		{34F71EA1-99EB-479F-9BCA-EF57A5FD37F3}.Release|Any CPU.Build.0 = Release|Any CPU
	EndGlobalSection
	GlobalSection(SolutionProperties) = preSolution
		HideSolutionNode = FALSE
	EndGlobalSection
	GlobalSection(ExtensibilityGlobals) = postSolution
		SolutionGuid = {1F8E377E-DE38-4BD3-A6CC-84140428A97D}
	EndGlobalSection
EndGlobal
